
Microsoft Visual Studio Solution File, Format Version 12.00
# Visual Studio Version 17
VisualStudioVersion = 17.5.33516.290
MinimumVisualStudioVersion = 10.0.40219.1
Project("{FAE04EC0-301F-11D3-BF4B-00C04F79EFBC}") = "Day01_variable", "Day01_variable\Day01_variable.csproj", "{AB7E8A3D-9ED8-4A26-9C3A-07938E6785BA}"
EndProject
Global
	GlobalSection(SolutionConfigurationPlatforms) = preSolution
		Debug|Any CPU = Debug|Any CPU
		Release|Any CPU = Release|Any CPU
	EndGlobalSection
	GlobalSection(ProjectConfigurationPlatforms) = postSolution
		{AB7E8A3D-9ED8-4A26-9C3A-07938E6785BA}.Debug|Any CPU.ActiveCfg = Debug|Any CPU
		{AB7E8A3D-9ED8-4A26-9C3A-07938E6785BA}.Debug|Any CPU.Build.0 = Debug|Any CPU
		{AB7E8A3D-9ED8-4A26-9C3A-07938E6785BA}.Release|Any CPU.ActiveCfg = Release|Any CPU
		{AB7E8A3D-9ED8-4A26-9C3A-07938E6785BA}.Release|Any CPU.Build.0 = Release|Any CPU
	EndGlobalSection
	GlobalSection(SolutionProperties) = preSolution
		HideSolutionNode = FALSE
	EndGlobalSection
	GlobalSection(ExtensibilityGlobals) = postSolution
		SolutionGuid = {108FC0EC-F297-4A34-BCC2-8BEDDF7526C3}
	EndGlobalSection
EndGlobal
