
Microsoft Visual Studio Solution File, Format Version 12.00
# Visual Studio Version 17
VisualStudioVersion = 17.5.33516.290
MinimumVisualStudioVersion = 10.0.40219.1
Project("{FAE04EC0-301F-11D3-BF4B-00C04F79EFBC}") = "cs20_abstractClass", "cs20_abstractClass\cs20_abstractClass.csproj", "{88DDBBCD-D278-4697-B40F-8B7542C38C27}"
EndProject
Project("{FAE04EC0-301F-11D3-BF4B-00C04F79EFBC}") = "cs21_property", "cs21_property\cs21_property.csproj", "{72010785-2CBE-437E-920C-B3D11EECA103}"
EndProject
Project("{FAE04EC0-301F-11D3-BF4B-00C04F79EFBC}") = "cs22_collection", "cs22_collection\cs22_collection.csproj", "{2D01D38B-6719-46D4-B576-C12FF17FBCC8}"
EndProject
Global
	GlobalSection(SolutionConfigurationPlatforms) = preSolution
		Debug|Any CPU = Debug|Any CPU
		Release|Any CPU = Release|Any CPU
	EndGlobalSection
	GlobalSection(ProjectConfigurationPlatforms) = postSolution
		{88DDBBCD-D278-4697-B40F-8B7542C38C27}.Debug|Any CPU.ActiveCfg = Debug|Any CPU
		{88DDBBCD-D278-4697-B40F-8B7542C38C27}.Debug|Any CPU.Build.0 = Debug|Any CPU
		{88DDBBCD-D278-4697-B40F-8B7542C38C27}.Release|Any CPU.ActiveCfg = Release|Any CPU
		{88DDBBCD-D278-4697-B40F-8B7542C38C27}.Release|Any CPU.Build.0 = Release|Any CPU
		{72010785-2CBE-437E-920C-B3D11EECA103}.Debug|Any CPU.ActiveCfg = Debug|Any CPU
		{72010785-2CBE-437E-920C-B3D11EECA103}.Debug|Any CPU.Build.0 = Debug|Any CPU
		{72010785-2CBE-437E-920C-B3D11EECA103}.Release|Any CPU.ActiveCfg = Release|Any CPU
		{72010785-2CBE-437E-920C-B3D11EECA103}.Release|Any CPU.Build.0 = Release|Any CPU
		{2D01D38B-6719-46D4-B576-C12FF17FBCC8}.Debug|Any CPU.ActiveCfg = Debug|Any CPU
		{2D01D38B-6719-46D4-B576-C12FF17FBCC8}.Debug|Any CPU.Build.0 = Debug|Any CPU
		{2D01D38B-6719-46D4-B576-C12FF17FBCC8}.Release|Any CPU.ActiveCfg = Release|Any CPU
		{2D01D38B-6719-46D4-B576-C12FF17FBCC8}.Release|Any CPU.Build.0 = Release|Any CPU
	EndGlobalSection
	GlobalSection(SolutionProperties) = preSolution
		HideSolutionNode = FALSE
	EndGlobalSection
	GlobalSection(ExtensibilityGlobals) = postSolution
		SolutionGuid = {1A8A8E1E-A511-43A3-A1AA-FF94CBF797DE}
	EndGlobalSection
EndGlobal
